
Microsoft Visual Studio Solution File, Format Version 12.00
# Visual Studio Version 17
VisualStudioVersion = 17.10.35013.160
MinimumVisualStudioVersion = 10.0.40219.1
Project("{888888A0-9F3D-457C-B088-3A5042F75D52}") = "tic_tac_toe", "tic_tac_toe.pyproj", "{0FDDF737-2B88-42FC-BBDF-31E715D4CB5B}"
EndProject
Global
	GlobalSection(SolutionConfigurationPlatforms) = preSolution
		Debug|Any CPU = Debug|Any CPU
		Release|Any CPU = Release|Any CPU
	EndGlobalSection
	GlobalSection(ProjectConfigurationPlatforms) = postSolution
		{0FDDF737-2B88-42FC-BBDF-31E715D4CB5B}.Debug|Any CPU.ActiveCfg = Debug|Any CPU
		{0FDDF737-2B88-42FC-BBDF-31E715D4CB5B}.Release|Any CPU.ActiveCfg = Release|Any CPU
	EndGlobalSection
	GlobalSection(SolutionProperties) = preSolution
		HideSolutionNode = FALSE
	EndGlobalSection
	GlobalSection(ExtensibilityGlobals) = postSolution
		SolutionGuid = {C5F65EA9-AF16-4ACC-B2F2-7B5516C1593A}
	EndGlobalSection
EndGlobal
